lockfileVersion: '9.0'

settings:
  autoInstallPeers: true
  excludeLinksFromLockfile: false

importers:

  .:
    dependencies:
      clsx:
        specifier: ^2.1.1
        version: 2.1.1
      date-fns:
        specifier: ^4.1.0
        version: 4.1.0
      leaflet:
        specifier: ^1.9.4
        version: 1.9.4
      lucide-react:
        specifier: ^0.525.0
        version: 0.525.0(react@19.1.0)
      react-leaflet:
        specifier: ^5.0.0
        version: 5.0.0(leaflet@1.9.4)(react-dom@19.1.0(react@19.1.0))(react@19.1.0)

packages:

  '@react-leaflet/core@3.0.0':
    resolution: {integrity: sha512-3EWmekh4Nz+pGcr+xjf0KNyYfC3U2JjnkWsh0zcqaexYqmmB5ZhH37kz41JXGmKzpaMZCnPofBBm64i+YrEvGQ==}
    peerDependencies:
      leaflet: ^1.9.0
      react: ^19.0.0
      react-dom: ^19.0.0

  clsx@2.1.1:
    resolution: {integrity: sha512-eYm0QWBtUrBWZWG0d386OGAw16Z995PiOVo2B7bjWSbHedGl5e0ZWaq65kOGgUSNesEIDkB9ISbTg/JK9dhCZA==}
    engines: {node: '>=6'}

  date-fns@4.1.0:
    resolution: {integrity: sha512-Ukq0owbQXxa/U3EGtsdVBkR1w7KOQ5gIBqdH2hkvknzZPYvBxb/aa6E8L7tmjFtkwZBu3UXBbjIgPo/Ez4xaNg==}

  leaflet@1.9.4:
    resolution: {integrity: sha512-nxS1ynzJOmOlHp+iL3FyWqK89GtNL8U8rvlMOsQdTTssxZwCXh8N2NB3GDQOL+YR3XnWyZAxwQixURb+FA74PA==}

  lucide-react@0.525.0:
    resolution: {integrity: sha512-Tm1txJ2OkymCGkvwoHt33Y2JpN5xucVq1slHcgE6Lk0WjDfjgKWor5CdVER8U6DvcfMwh4M8XxmpTiyzfmfDYQ==}
    peerDependencies:
      react: ^16.5.1 || ^17.0.0 || ^18.0.0 || ^19.0.0

  react-dom@19.1.0:
    resolution: {integrity: sha512-Xs1hdnE+DyKgeHJeJznQmYMIBG3TKIHJJT95Q58nHLSrElKlGQqDTR2HQ9fx5CN/Gk6Vh/kupBTDLU11/nDk/g==}
    peerDependencies:
      react: ^19.1.0

  react-leaflet@5.0.0:
    resolution: {integrity: sha512-CWbTpr5vcHw5bt9i4zSlPEVQdTVcML390TjeDG0cK59z1ylexpqC6M1PJFjV8jD7CF+ACBFsLIDs6DRMoLEofw==}
    peerDependencies:
      leaflet: ^1.9.0
      react: ^19.0.0
      react-dom: ^19.0.0

  react@19.1.0:
    resolution: {integrity: sha512-FS+XFBNvn3GTAWq26joslQgWNoFu08F4kl0J4CgdNKADkdSGXQyTCnKteIAJy96Br6YbpEU1LSzV5dYtjMkMDg==}
    engines: {node: '>=0.10.0'}

  scheduler@0.26.0:
    resolution: {integrity: sha512-NlHwttCI/l5gCPR3D1nNXtWABUmBwvZpEQiD4IXSbIDq8BzLIK/7Ir5gTFSGZDUu37K5cMNp0hFtzO38sC7gWA==}

snapshots:

  '@react-leaflet/core@3.0.0(leaflet@1.9.4)(react-dom@19.1.0(react@19.1.0))(react@19.1.0)':
    dependencies:
      leaflet: 1.9.4
      react: 19.1.0
      react-dom: 19.1.0(react@19.1.0)

  clsx@2.1.1: {}

  date-fns@4.1.0: {}

  leaflet@1.9.4: {}

  lucide-react@0.525.0(react@19.1.0):
    dependencies:
      react: 19.1.0

  react-dom@19.1.0(react@19.1.0):
    dependencies:
      react: 19.1.0
      scheduler: 0.26.0

  react-leaflet@5.0.0(leaflet@1.9.4)(react-dom@19.1.0(react@19.1.0))(react@19.1.0):
    dependencies:
      '@react-leaflet/core': 3.0.0(leaflet@1.9.4)(react-dom@19.1.0(react@19.1.0))(react@19.1.0)
      leaflet: 1.9.4
      react: 19.1.0
      react-dom: 19.1.0(react@19.1.0)

  react@19.1.0: {}

  scheduler@0.26.0: {}
